
Microsoft Visual Studio Solution File, Format Version 12.00
# Visual Studio Version 17
VisualStudioVersion = 17.7.34202.233
MinimumVisualStudioVersion = 10.0.40219.1
Project("{FAE04EC0-301F-11D3-BF4B-00C04F79EFBC}") = "AutomatizacionSelenium", "AutomatizacionSelenium\AutomatizacionSelenium.csproj", "{78456982-5D0F-4842-AFAA-DF953DDA4551}"
EndProject
Global
	GlobalSection(SolutionConfigurationPlatforms) = preSolution
		Debug|Any CPU = Debug|Any CPU
		Release|Any CPU = Release|Any CPU
	EndGlobalSection
	GlobalSection(ProjectConfigurationPlatforms) = postSolution
		{78456982-5D0F-4842-AFAA-DF953DDA4551}.Debug|Any CPU.ActiveCfg = Debug|Any CPU
		{78456982-5D0F-4842-AFAA-DF953DDA4551}.Debug|Any CPU.Build.0 = Debug|Any CPU
		{78456982-5D0F-4842-AFAA-DF953DDA4551}.Release|Any CPU.ActiveCfg = Release|Any CPU
		{78456982-5D0F-4842-AFAA-DF953DDA4551}.Release|Any CPU.Build.0 = Release|Any CPU
	EndGlobalSection
	GlobalSection(SolutionProperties) = preSolution
		HideSolutionNode = FALSE
	EndGlobalSection
	GlobalSection(ExtensibilityGlobals) = postSolution
		SolutionGuid = {83AFF2C7-B414-4605-9C18-40C534CA18C9}
	EndGlobalSection
EndGlobal
